
Microsoft Visual Studio Solution File, Format Version 12.00
# Visual Studio Version 17
VisualStudioVersion = 17.14.36915.13 d17.14
MinimumVisualStudioVersion = 10.0.40219.1
Project("{FAE04EC0-301F-11D3-BF4B-00C04F79EFBC}") = "MVC", "MVC\MVC.csproj", "{FBD8D16B-7818-4646-8F4D-8421C2808CEC}"
EndProject
Global
	GlobalSection(SolutionConfigurationPlatforms) = preSolution
		Debug|Any CPU = Debug|Any CPU
		Release|Any CPU = Release|Any CPU
	EndGlobalSection
	GlobalSection(ProjectConfigurationPlatforms) = postSolution
		{FBD8D16B-7818-4646-8F4D-8421C2808CEC}.Debug|Any CPU.ActiveCfg = Debug|Any CPU
		{FBD8D16B-7818-4646-8F4D-8421C2808CEC}.Debug|Any CPU.Build.0 = Debug|Any CPU
		{FBD8D16B-7818-4646-8F4D-8421C2808CEC}.Release|Any CPU.ActiveCfg = Release|Any CPU
		{FBD8D16B-7818-4646-8F4D-8421C2808CEC}.Release|Any CPU.Build.0 = Release|Any CPU
	EndGlobalSection
	GlobalSection(SolutionProperties) = preSolution
		HideSolutionNode = FALSE
	EndGlobalSection
	GlobalSection(ExtensibilityGlobals) = postSolution
		SolutionGuid = {FEAFC8AC-BEEC-4537-AA7A-18FE12B803A1}
	EndGlobalSection
EndGlobal
